{
  "nodes": {
    "haskell-ci-src": {
      "flake": false,
      "locked": {
        "lastModified": 1782299874,
        "narHash": "sha256-sQNh/Zd1S0fNe/ietbCvyqg+0/tglRyCmFPb3AD/5wc=",
        "owner": "haskell-CI",
        "repo": "haskell-ci",
        "rev": "42a102e53821381a5f47bdeeadd775cf649c76df",
        "type": "github"
      },
      "original": {
        "owner": "haskell-CI",
        "repo": "haskell-ci",
        "type": "github"
      }
    },
    "nixpkgs": {
      "locked": {
        "lastModified": 1784160687,
        "narHash": "sha256-iYL/bixrb6FlHFu/gIuBYzq6c6lM5AAXsXNSWXtIgQc=",
        "owner": "nixos",
        "repo": "nixpkgs",
        "rev": "4382ed2b7a6839d4280a9b386db49cbc5907414d",
        "type": "github"
      },
      "original": {
        "owner": "nixos",
        "ref": "nixos-26.05",
        "repo": "nixpkgs",
        "type": "github"
      }
    },
    "root": {
      "inputs": {
        "haskell-ci-src": "haskell-ci-src",
        "nixpkgs": "nixpkgs"
      }
    }
  },
  "root": "root",
  "version": 7
}
