{
  "nodes": {
    "haskell-ci-src": {
      "flake": false,
      "locked": {
        "lastModified": 1782299874,
        "narHash": "sha256-sQNh/Zd1S0fNe/ietbCvyqg+0/tglRyCmFPb3AD/5wc=",
        "owner": "haskell-CI",
        "repo": "haskell-ci",
        "rev": "42a102e53821381a5f47bdeeadd775cf649c76df",
        "type": "github"
      },
      "original": {
        "owner": "haskell-CI",
        "repo": "haskell-ci",
        "type": "github"
      }
    },
    "nixpkgs": {
      "locked": {
        "lastModified": 1783389287,
        "narHash": "sha256-0xIy4dVLqq47rA+mRy0hXDfjhQd4E5PoIns/RmB7nR4=",
        "owner": "nixos",
        "repo": "nixpkgs",
        "rev": "0ad6f47ea4fe188f4bc8f0380f93ae8523337c6c",
        "type": "github"
      },
      "original": {
        "owner": "nixos",
        "ref": "nixos-26.05",
        "repo": "nixpkgs",
        "type": "github"
      }
    },
    "root": {
      "inputs": {
        "haskell-ci-src": "haskell-ci-src",
        "nixpkgs": "nixpkgs"
      }
    }
  },
  "root": "root",
  "version": 7
}
