{
  "nodes": {
    "haskell-ci-src": {
      "flake": false,
      "locked": {
        "lastModified": 1787834319,
        "narHash": "sha256-i614t/IJQMUcon7biOawP6beVn1YzQ3GFayGna0lDlg=",
        "owner": "haskell-CI",
        "repo": "haskell-ci",
        "rev": "10a9c7b8fffd6854aa7f016286228094b797bf04",
        "type": "github"
      },
      "original": {
        "owner": "haskell-CI",
        "repo": "haskell-ci",
        "type": "github"
      }
    },
    "nixpkgs": {
      "locked": {
        "lastModified": 1787962033,
        "narHash": "sha256-u6z9VTZA4Kf3RkHQo9sQI7NI4Ei/uiU9vrMqOiwWP1Y=",
        "owner": "nixos",
        "repo": "nixpkgs",
        "rev": "c5c4a43b0e8056328ec4529f735cabdb8f1942bb",
        "type": "github"
      },
      "original": {
        "owner": "nixos",
        "ref": "nixos-26.05",
        "repo": "nixpkgs",
        "type": "github"
      }
    },
    "root": {
      "inputs": {
        "haskell-ci-src": "haskell-ci-src",
        "nixpkgs": "nixpkgs"
      }
    }
  },
  "root": "root",
  "version": 7
}
